
Microsoft Visual Studio Solution File, Format Version 12.00
# Visual Studio Version 16
VisualStudioVersion = 16.0.30406.217
MinimumVisualStudioVersion = 10.0.40219.1
Project("{FAE04EC0-301F-11D3-BF4B-00C04F79EFBC}") = "Sitecore.FederatedAuth.ADFS", "Sitecore.FederatedAuth.ADFS\Sitecore.FederatedAuth.ADFS.csproj", "{51DB4A8D-AAF7-40CD-AB74-3D55EE27914A}"
EndProject
Project("{FAE04EC0-301F-11D3-BF4B-00C04F79EFBC}") = "Sitecore.FederatedAuth.SitecoreIdentity", "Sitecore.FederatedAuth.SitecoreIdentity\Sitecore.FederatedAuth.SitecoreIdentity.csproj", "{90B9FD4C-8A31-44E7-87C7-6B18DF619FBB}"
EndProject
Global
	GlobalSection(SolutionConfigurationPlatforms) = preSolution
		Debug|Any CPU = Debug|Any CPU
		Release|Any CPU = Release|Any CPU
	EndGlobalSection
	GlobalSection(ProjectConfigurationPlatforms) = postSolution
		{51DB4A8D-AAF7-40CD-AB74-3D55EE27914A}.Debug|Any CPU.ActiveCfg = Debug|Any CPU
		{51DB4A8D-AAF7-40CD-AB74-3D55EE27914A}.Debug|Any CPU.Build.0 = Debug|Any CPU
		{51DB4A8D-AAF7-40CD-AB74-3D55EE27914A}.Release|Any CPU.ActiveCfg = Release|Any CPU
		{51DB4A8D-AAF7-40CD-AB74-3D55EE27914A}.Release|Any CPU.Build.0 = Release|Any CPU
		{90B9FD4C-8A31-44E7-87C7-6B18DF619FBB}.Debug|Any CPU.ActiveCfg = Debug|Any CPU
		{90B9FD4C-8A31-44E7-87C7-6B18DF619FBB}.Debug|Any CPU.Build.0 = Debug|Any CPU
		{90B9FD4C-8A31-44E7-87C7-6B18DF619FBB}.Release|Any CPU.ActiveCfg = Release|Any CPU
		{90B9FD4C-8A31-44E7-87C7-6B18DF619FBB}.Release|Any CPU.Build.0 = Release|Any CPU
	EndGlobalSection
	GlobalSection(SolutionProperties) = preSolution
		HideSolutionNode = FALSE
	EndGlobalSection
	GlobalSection(ExtensibilityGlobals) = postSolution
		SolutionGuid = {EDCE7B11-5580-4754-BC8D-C591B955BD04}
	EndGlobalSection
EndGlobal
